// !$*UTF8*$!
{
	archiveVersion = 1;
	classes = {
	};
	objectVersion = 56;
	objects = {

/* Begin PBXBuildFile section */
		78C191102BB1F89800D30217 /* App424App.swift in Sources */ = {isa = PBXBuildFile; fileRef = 78C1910F2BB1F89800D30217 /* App424App.swift */; };
		78C191122BB1F89800D30217 /* ContentView.swift in Sources */ = {isa = PBXBuildFile; fileRef = 78C191112BB1F89800D30217 /* ContentView.swift */; };
		78C191142BB1F89900D30217 /* Assets.xcassets in Resources */ = {isa = PBXBuildFile; fileRef = 78C191132BB1F89900D30217 /* Assets.xcassets */; };
		78C191182BB1F89900D30217 /* Preview Assets.xcassets in Resources */ = {isa = PBXBuildFile; fileRef = 78C191172BB1F89900D30217 /* Preview Assets.xcassets */; };
		78C191282BB1F91800D30217 /* LoadingView.swift in Sources */ = {isa = PBXBuildFile; fileRef = 78C191272BB1F91800D30217 /* LoadingView.swift */; };
		78C1912A2BB1F92100D30217 /* U1.swift in Sources */ = {isa = PBXBuildFile; fileRef = 78C191292BB1F92100D30217 /* U1.swift */; };
		78C1912C2BB1F94500D30217 /* Reviews.swift in Sources */ = {isa = PBXBuildFile; fileRef = 78C1912B2BB1F94500D30217 /* Reviews.swift */; };
		78C1912E2BB1F96400D30217 /* Not.swift in Sources */ = {isa = PBXBuildFile; fileRef = 78C1912D2BB1F96400D30217 /* Not.swift */; };
		78C191302BB1F96D00D30217 /* R1.swift in Sources */ = {isa = PBXBuildFile; fileRef = 78C1912F2BB1F96D00D30217 /* R1.swift */; };
		78C191322BB1F97200D30217 /* R2.swift in Sources */ = {isa = PBXBuildFile; fileRef = 78C191312BB1F97200D30217 /* R2.swift */; };
		78C191352BB1FE3700D30217 /* ULoadingView.swift in Sources */ = {isa = PBXBuildFile; fileRef = 78C191342BB1FE3700D30217 /* ULoadingView.swift */; };
		78C1913A2BB200D000D30217 /* TabBar.swift in Sources */ = {isa = PBXBuildFile; fileRef = 78C191392BB200D000D30217 /* TabBar.swift */; };
		78C1913C2BB200DF00D30217 /* CoreDataStack.swift in Sources */ = {isa = PBXBuildFile; fileRef = 78C1913B2BB200DF00D30217 /* CoreDataStack.swift */; };
		78C1913F2BB200EB00D30217 /* Array.swift in Sources */ = {isa = PBXBuildFile; fileRef = 78C1913E2BB200EB00D30217 /* Array.swift */; };
		78C191442BB200FF00D30217 /* Launch Screen.storyboard in Resources */ = {isa = PBXBuildFile; fileRef = 78C191432BB200FF00D30217 /* Launch Screen.storyboard */; };
		78C191462BB2014E00D30217 /* DashboardView.swift in Sources */ = {isa = PBXBuildFile; fileRef = 78C191452BB2014E00D30217 /* DashboardView.swift */; };
		78C191482BB2015500D30217 /* CalculatorView.swift in Sources */ = {isa = PBXBuildFile; fileRef = 78C191472BB2015500D30217 /* CalculatorView.swift */; };
		78C1914A2BB2015C00D30217 /* SettingsView.swift in Sources */ = {isa = PBXBuildFile; fileRef = 78C191492BB2015C00D30217 /* SettingsView.swift */; };
		78C1914C2BB2038900D30217 /* DashboardViewModel.swift in Sources */ = {isa = PBXBuildFile; fileRef = 78C1914B2BB2038900D30217 /* DashboardViewModel.swift */; };
		78D8A3DD2BB43EF500C8E5F8 /* ProjDetail.swift in Sources */ = {isa = PBXBuildFile; fileRef = 78D8A3DC2BB43EF500C8E5F8 /* ProjDetail.swift */; };
		78D8A3E02BB4554800C8E5F8 /* HistoryView.swift in Sources */ = {isa = PBXBuildFile; fileRef = 78D8A3DF2BB4554800C8E5F8 /* HistoryView.swift */; };
		78D8A3E22BB455EF00C8E5F8 /* CalculatorViewModel.swift in Sources */ = {isa = PBXBuildFile; fileRef = 78D8A3E12BB455EF00C8E5F8 /* CalculatorViewModel.swift */; };
		78D8A3E42BB475D300C8E5F8 /* ConvertDate.swift in Sources */ = {isa = PBXBuildFile; fileRef = 78D8A3E32BB475D300C8E5F8 /* ConvertDate.swift */; };
		78E394572BB48909009798AD /* HistoryDetail.swift in Sources */ = {isa = PBXBuildFile; fileRef = 78E394562BB48909009798AD /* HistoryDetail.swift */; };
		F91D75EE2BB5C5B20013C20A /* GoogleService-Info.plist in Resources */ = {isa = PBXBuildFile; fileRef = F91D75ED2BB5C5B20013C20A /* GoogleService-Info.plist */; };
		F91D75F22BB5C5E80013C20A /* ApphudSDK in Frameworks */ = {isa = PBXBuildFile; productRef = F91D75F12BB5C5E80013C20A /* ApphudSDK */; };
		F91D75F52BB5C5F00013C20A /* OneSignalFramework in Frameworks */ = {isa = PBXBuildFile; productRef = F91D75F42BB5C5F00013C20A /* OneSignalFramework */; };
		F91D75F82BB5C5F50013C20A /* YandexMobileMetrica in Frameworks */ = {isa = PBXBuildFile; productRef = F91D75F72BB5C5F50013C20A /* YandexMobileMetrica */; };
		F91D75FD2BB5C60B0013C20A /* FirebaseRemoteConfigSwift in Frameworks */ = {isa = PBXBuildFile; productRef = F91D75FC2BB5C60B0013C20A /* FirebaseRemoteConfigSwift */; };
		F91D75FF2BB5C6340013C20A /* d_re.swift in Sources */ = {isa = PBXBuildFile; fileRef = F91D75FE2BB5C6340013C20A /* d_re.swift */; };
		F91D76012BB5C6370013C20A /* s_re.swift in Sources */ = {isa = PBXBuildFile; fileRef = F91D76002BB5C6370013C20A /* s_re.swift */; };
		F91D76032BB5C63B0013C20A /* w_re.swift in Sources */ = {isa = PBXBuildFile; fileRef = F91D76022BB5C63B0013C20A /* w_re.swift */; };
		F91D76062BB5C6700013C20A /* CoreModel.xcdatamodeld in Sources */ = {isa = PBXBuildFile; fileRef = F91D76042BB5C6700013C20A /* CoreModel.xcdatamodeld */; };
		F91D76092BB5C7990013C20A /* DashboardAdd.swift in Sources */ = {isa = PBXBuildFile; fileRef = F91D76082BB5C7990013C20A /* DashboardAdd.swift */; };
/* End PBXBuildFile section */

/* Begin PBXFileReference section */
		78C1910C2BB1F89800D30217 /* App424.app */ = {isa = PBXFileReference; explicitFileType = wrapper.application; includeInIndex = 0; path = App424.app; sourceTree = BUILT_PRODUCTS_DIR; };
		78C1910F2BB1F89800D30217 /* App424App.swift */ = {isa = PBXFileReference; lastKnownFileType = sourcecode.swift; path = App424App.swift; sourceTree = "<group>"; };
		78C191112BB1F89800D30217 /* ContentView.swift */ = {isa = PBXFileReference; lastKnownFileType = sourcecode.swift; path = ContentView.swift; sourceTree = "<group>"; };
		78C191132BB1F89900D30217 /* Assets.xcassets */ = {isa = PBXFileReference; lastKnownFileType = folder.assetcatalog; path = Assets.xcassets; sourceTree = "<group>"; };
		78C191152BB1F89900D30217 /* App424.entitlements */ = {isa = PBXFileReference; lastKnownFileType = text.plist.entitlements; path = App424.entitlements; sourceTree = "<group>"; };
		78C191172BB1F89900D30217 /* Preview Assets.xcassets */ = {isa = PBXFileReference; lastKnownFileType = folder.assetcatalog; path = "Preview Assets.xcassets"; sourceTree = "<group>"; };
		78C191272BB1F91800D30217 /* LoadingView.swift */ = {isa = PBXFileReference; lastKnownFileType = sourcecode.swift; path = LoadingView.swift; sourceTree = "<group>"; };
		78C191292BB1F92100D30217 /* U1.swift */ = {isa = PBXFileReference; lastKnownFileType = sourcecode.swift; path = U1.swift; sourceTree = "<group>"; };
		78C1912B2BB1F94500D30217 /* Reviews.swift */ = {isa = PBXFileReference; lastKnownFileType = sourcecode.swift; path = Reviews.swift; sourceTree = "<group>"; };
		78C1912D2BB1F96400D30217 /* Not.swift */ = {isa = PBXFileReference; lastKnownFileType = sourcecode.swift; path = Not.swift; sourceTree = "<group>"; };
		78C1912F2BB1F96D00D30217 /* R1.swift */ = {isa = PBXFileReference; lastKnownFileType = sourcecode.swift; path = R1.swift; sourceTree = "<group>"; };
		78C191312BB1F97200D30217 /* R2.swift */ = {isa = PBXFileReference; lastKnownFileType = sourcecode.swift; path = R2.swift; sourceTree = "<group>"; };
		78C191342BB1FE3700D30217 /* ULoadingView.swift */ = {isa = PBXFileReference; lastKnownFileType = sourcecode.swift; path = ULoadingView.swift; sourceTree = "<group>"; };
		78C191392BB200D000D30217 /* TabBar.swift */ = {isa = PBXFileReference; lastKnownFileType = sourcecode.swift; path = TabBar.swift; sourceTree = "<group>"; };
		78C1913B2BB200DF00D30217 /* CoreDataStack.swift */ = {isa = PBXFileReference; lastKnownFileType = sourcecode.swift; path = CoreDataStack.swift; sourceTree = "<group>"; };
		78C1913E2BB200EB00D30217 /* Array.swift */ = {isa = PBXFileReference; lastKnownFileType = sourcecode.swift; path = Array.swift; sourceTree = "<group>"; };
		78C191432BB200FF00D30217 /* Launch Screen.storyboard */ = {isa = PBXFileReference; lastKnownFileType = file.storyboard; path = "Launch Screen.storyboard"; sourceTree = "<group>"; };
		78C191452BB2014E00D30217 /* DashboardView.swift */ = {isa = PBXFileReference; lastKnownFileType = sourcecode.swift; path = DashboardView.swift; sourceTree = "<group>"; };
		78C191472BB2015500D30217 /* CalculatorView.swift */ = {isa = PBXFileReference; lastKnownFileType = sourcecode.swift; path = CalculatorView.swift; sourceTree = "<group>"; };
		78C191492BB2015C00D30217 /* SettingsView.swift */ = {isa = PBXFileReference; lastKnownFileType = sourcecode.swift; path = SettingsView.swift; sourceTree = "<group>"; };
		78C1914B2BB2038900D30217 /* DashboardViewModel.swift */ = {isa = PBXFileReference; lastKnownFileType = sourcecode.swift; path = DashboardViewModel.swift; sourceTree = "<group>"; };
		78D8A3DC2BB43EF500C8E5F8 /* ProjDetail.swift */ = {isa = PBXFileReference; lastKnownFileType = sourcecode.swift; path = ProjDetail.swift; sourceTree = "<group>"; };
		78D8A3DF2BB4554800C8E5F8 /* HistoryView.swift */ = {isa = PBXFileReference; lastKnownFileType = sourcecode.swift; path = HistoryView.swift; sourceTree = "<group>"; };
		78D8A3E12BB455EF00C8E5F8 /* CalculatorViewModel.swift */ = {isa = PBXFileReference; lastKnownFileType = sourcecode.swift; path = CalculatorViewModel.swift; sourceTree = "<group>"; };
		78D8A3E32BB475D300C8E5F8 /* ConvertDate.swift */ = {isa = PBXFileReference; lastKnownFileType = sourcecode.swift; path = ConvertDate.swift; sourceTree = "<group>"; };
		78E394562BB48909009798AD /* HistoryDetail.swift */ = {isa = PBXFileReference; lastKnownFileType = sourcecode.swift; path = HistoryDetail.swift; sourceTree = "<group>"; };
		F91D75ED2BB5C5B20013C20A /* GoogleService-Info.plist */ = {isa = PBXFileReference; fileEncoding = 4; lastKnownFileType = text.plist.xml; path = "GoogleService-Info.plist"; sourceTree = SOURCE_ROOT; };
		F91D75EF2BB5C5D70013C20A /* Info.plist */ = {isa = PBXFileReference; lastKnownFileType = text.plist; path = Info.plist; sourceTree = "<group>"; };
		F91D75FE2BB5C6340013C20A /* d_re.swift */ = {isa = PBXFileReference; lastKnownFileType = sourcecode.swift; path = d_re.swift; sourceTree = "<group>"; };
		F91D76002BB5C6370013C20A /* s_re.swift */ = {isa = PBXFileReference; lastKnownFileType = sourcecode.swift; path = s_re.swift; sourceTree = "<group>"; };
		F91D76022BB5C63B0013C20A /* w_re.swift */ = {isa = PBXFileReference; lastKnownFileType = sourcecode.swift; path = w_re.swift; sourceTree = "<group>"; };
		F91D76052BB5C6700013C20A /* CoreModel.xcdatamodel */ = {isa = PBXFileReference; lastKnownFileType = wrapper.xcdatamodel; path = CoreModel.xcdatamodel; sourceTree = "<group>"; };
		F91D76082BB5C7990013C20A /* DashboardAdd.swift */ = {isa = PBXFileReference; lastKnownFileType = sourcecode.swift; path = DashboardAdd.swift; sourceTree = "<group>"; };
/* End PBXFileReference section */

/* Begin PBXFrameworksBuildPhase section */
		78C191092BB1F89800D30217 /* Frameworks */ = {
			isa = PBXFrameworksBuildPhase;
			buildActionMask = 2147483647;
			files = (
				F91D75F82BB5C5F50013C20A /* YandexMobileMetrica in Frameworks */,
				F91D75FD2BB5C60B0013C20A /* FirebaseRemoteConfigSwift in Frameworks */,
				F91D75F52BB5C5F00013C20A /* OneSignalFramework in Frameworks */,
				F91D75F22BB5C5E80013C20A /* ApphudSDK in Frameworks */,
			);
			runOnlyForDeploymentPostprocessing = 0;
		};
/* End PBXFrameworksBuildPhase section */

/* Begin PBXGroup section */
		78C191032BB1F89800D30217 = {
			isa = PBXGroup;
			children = (
				78C1910E2BB1F89800D30217 /* App424 */,
				78C1910D2BB1F89800D30217 /* Products */,
			);
			sourceTree = "<group>";
		};
		78C1910D2BB1F89800D30217 /* Products */ = {
			isa = PBXGroup;
			children = (
				78C1910C2BB1F89800D30217 /* App424.app */,
			);
			name = Products;
			sourceTree = "<group>";
		};
		78C1910E2BB1F89800D30217 /* App424 */ = {
			isa = PBXGroup;
			children = (
				F91D75EF2BB5C5D70013C20A /* Info.plist */,
				F91D75ED2BB5C5B20013C20A /* GoogleService-Info.plist */,
				78C1911E2BB1F8D400D30217 /* Project */,
				78C1910F2BB1F89800D30217 /* App424App.swift */,
				78C191112BB1F89800D30217 /* ContentView.swift */,
				78C191132BB1F89900D30217 /* Assets.xcassets */,
				78C191152BB1F89900D30217 /* App424.entitlements */,
				78C191162BB1F89900D30217 /* Preview Content */,
			);
			path = App424;
			sourceTree = "<group>";
		};
		78C191162BB1F89900D30217 /* Preview Content */ = {
			isa = PBXGroup;
			children = (
				78C191172BB1F89900D30217 /* Preview Assets.xcassets */,
			);
			path = "Preview Content";
			sourceTree = "<group>";
		};
		78C1911E2BB1F8D400D30217 /* Project */ = {
			isa = PBXGroup;
			children = (
				78C191222BB1F8F100D30217 /* Views */,
				78C191212BB1F8EA00D30217 /* Extensions */,
				78C191202BB1F8E300D30217 /* TabBar */,
				78C1911F2BB1F8DC00D30217 /* StartSCreens */,
			);
			path = Project;
			sourceTree = "<group>";
		};
		78C1911F2BB1F8DC00D30217 /* StartSCreens */ = {
			isa = PBXGroup;
			children = (
				78C191262BB1F90C00D30217 /* Rev */,
				78C191252BB1F90700D30217 /* User */,
				78C191242BB1F8FF00D30217 /* Launch Screen */,
				78C191232BB1F8F700D30217 /* LoadingView */,
			);
			path = StartSCreens;
			sourceTree = "<group>";
		};
		78C191202BB1F8E300D30217 /* TabBar */ = {
			isa = PBXGroup;
			children = (
				78C191392BB200D000D30217 /* TabBar.swift */,
			);
			path = TabBar;
			sourceTree = "<group>";
		};
		78C191212BB1F8EA00D30217 /* Extensions */ = {
			isa = PBXGroup;
			children = (
				78C1913B2BB200DF00D30217 /* CoreDataStack.swift */,
				78C1913E2BB200EB00D30217 /* Array.swift */,
				F91D76042BB5C6700013C20A /* CoreModel.xcdatamodeld */,
				78D8A3E32BB475D300C8E5F8 /* ConvertDate.swift */,
				F91D75FE2BB5C6340013C20A /* d_re.swift */,
				F91D76002BB5C6370013C20A /* s_re.swift */,
				F91D76022BB5C63B0013C20A /* w_re.swift */,
			);
			path = Extensions;
			sourceTree = "<group>";
		};
		78C191222BB1F8F100D30217 /* Views */ = {
			isa = PBXGroup;
			children = (
				78C191382BB200C100D30217 /* Settings */,
				78C191372BB200BB00D30217 /* Calculator */,
				78C191362BB200B100D30217 /* Dashboard */,
			);
			path = Views;
			sourceTree = "<group>";
		};
		78C191232BB1F8F700D30217 /* LoadingView */ = {
			isa = PBXGroup;
			children = (
				78C191272BB1F91800D30217 /* LoadingView.swift */,
			);
			path = LoadingView;
			sourceTree = "<group>";
		};
		78C191242BB1F8FF00D30217 /* Launch Screen */ = {
			isa = PBXGroup;
			children = (
				78C191332BB1FE1E00D30217 /* ULoadingView */,
				78C191432BB200FF00D30217 /* Launch Screen.storyboard */,
			);
			path = "Launch Screen";
			sourceTree = "<group>";
		};
		78C191252BB1F90700D30217 /* User */ = {
			isa = PBXGroup;
			children = (
				78C191292BB1F92100D30217 /* U1.swift */,
				78C1912B2BB1F94500D30217 /* Reviews.swift */,
				78C1912D2BB1F96400D30217 /* Not.swift */,
			);
			path = User;
			sourceTree = "<group>";
		};
		78C191262BB1F90C00D30217 /* Rev */ = {
			isa = PBXGroup;
			children = (
				78C1912F2BB1F96D00D30217 /* R1.swift */,
				78C191312BB1F97200D30217 /* R2.swift */,
			);
			path = Rev;
			sourceTree = "<group>";
		};
		78C191332BB1FE1E00D30217 /* ULoadingView */ = {
			isa = PBXGroup;
			children = (
				78C191342BB1FE3700D30217 /* ULoadingView.swift */,
			);
			path = ULoadingView;
			sourceTree = "<group>";
		};
		78C191362BB200B100D30217 /* Dashboard */ = {
			isa = PBXGroup;
			children = (
				F91D76072BB5C7930013C20A /* DashboardAdd */,
				78D8A3DB2BB43EE700C8E5F8 /* ProjDetail */,
				78C191452BB2014E00D30217 /* DashboardView.swift */,
				78C1914B2BB2038900D30217 /* DashboardViewModel.swift */,
			);
			path = Dashboard;
			sourceTree = "<group>";
		};
		78C191372BB200BB00D30217 /* Calculator */ = {
			isa = PBXGroup;
			children = (
				78D8A3E52BB4879800C8E5F8 /* HistoryDetail */,
				78D8A3DE2BB4553C00C8E5F8 /* History */,
				78C191472BB2015500D30217 /* CalculatorView.swift */,
				78D8A3E12BB455EF00C8E5F8 /* CalculatorViewModel.swift */,
			);
			path = Calculator;
			sourceTree = "<group>";
		};
		78C191382BB200C100D30217 /* Settings */ = {
			isa = PBXGroup;
			children = (
				78C191492BB2015C00D30217 /* SettingsView.swift */,
			);
			path = Settings;
			sourceTree = "<group>";
		};
		78D8A3DB2BB43EE700C8E5F8 /* ProjDetail */ = {
			isa = PBXGroup;
			children = (
				78D8A3DC2BB43EF500C8E5F8 /* ProjDetail.swift */,
			);
			path = ProjDetail;
			sourceTree = "<group>";
		};
		78D8A3DE2BB4553C00C8E5F8 /* History */ = {
			isa = PBXGroup;
			children = (
				78D8A3DF2BB4554800C8E5F8 /* HistoryView.swift */,
			);
			path = History;
			sourceTree = "<group>";
		};
		78D8A3E52BB4879800C8E5F8 /* HistoryDetail */ = {
			isa = PBXGroup;
			children = (
				78E394562BB48909009798AD /* HistoryDetail.swift */,
			);
			path = HistoryDetail;
			sourceTree = "<group>";
		};
		F91D76072BB5C7930013C20A /* DashboardAdd */ = {
			isa = PBXGroup;
			children = (
				F91D76082BB5C7990013C20A /* DashboardAdd.swift */,
			);
			path = DashboardAdd;
			sourceTree = "<group>";
		};
/* End PBXGroup section */

/* Begin PBXNativeTarget section */
		78C1910B2BB1F89800D30217 /* App424 */ = {
			isa = PBXNativeTarget;
			buildConfigurationList = 78C1911B2BB1F89900D30217 /* Build configuration list for PBXNativeTarget "App424" */;
			buildPhases = (
				78C191082BB1F89800D30217 /* Sources */,
				78C191092BB1F89800D30217 /* Frameworks */,
				78C1910A2BB1F89800D30217 /* Resources */,
			);
			buildRules = (
			);
			dependencies = (
			);
			name = App424;
			packageProductDependencies = (
				F91D75F12BB5C5E80013C20A /* ApphudSDK */,
				F91D75F42BB5C5F00013C20A /* OneSignalFramework */,
				F91D75F72BB5C5F50013C20A /* YandexMobileMetrica */,
				F91D75FC2BB5C60B0013C20A /* FirebaseRemoteConfigSwift */,
			);
			productName = App424;
			productReference = 78C1910C2BB1F89800D30217 /* App424.app */;
			productType = "com.apple.product-type.application";
		};
/* End PBXNativeTarget section */

/* Begin PBXProject section */
		78C191042BB1F89800D30217 /* Project object */ = {
			isa = PBXProject;
			attributes = {
				BuildIndependentTargetsInParallel = 1;
				LastSwiftUpdateCheck = 1530;
				LastUpgradeCheck = 1530;
				TargetAttributes = {
					78C1910B2BB1F89800D30217 = {
						CreatedOnToolsVersion = 15.3;
					};
				};
			};
			buildConfigurationList = 78C191072BB1F89800D30217 /* Build configuration list for PBXProject "App424" */;
			compatibilityVersion = "Xcode 14.0";
			developmentRegion = en;
			hasScannedForEncodings = 0;
			knownRegions = (
				en,
				Base,
			);
			mainGroup = 78C191032BB1F89800D30217;
			packageReferences = (
				F91D75F02BB5C5E80013C20A /* XCRemoteSwiftPackageReference "ApphudSDK" */,
				F91D75F32BB5C5F00013C20A /* XCRemoteSwiftPackageReference "OneSignal-iOS-SDK" */,
				F91D75F62BB5C5F50013C20A /* XCRemoteSwiftPackageReference "metrica-sdk-ios" */,
				F91D75FB2BB5C60B0013C20A /* XCRemoteSwiftPackageReference "firebase-ios-sdk" */,
			);
			productRefGroup = 78C1910D2BB1F89800D30217 /* Products */;
			projectDirPath = "";
			projectRoot = "";
			targets = (
				78C1910B2BB1F89800D30217 /* App424 */,
			);
		};
/* End PBXProject section */

/* Begin PBXResourcesBuildPhase section */
		78C1910A2BB1F89800D30217 /* Resources */ = {
			isa = PBXResourcesBuildPhase;
			buildActionMask = 2147483647;
			files = (
				78C191442BB200FF00D30217 /* Launch Screen.storyboard in Resources */,
				F91D75EE2BB5C5B20013C20A /* GoogleService-Info.plist in Resources */,
				78C191182BB1F89900D30217 /* Preview Assets.xcassets in Resources */,
				78C191142BB1F89900D30217 /* Assets.xcassets in Resources */,
			);
			runOnlyForDeploymentPostprocessing = 0;
		};
/* End PBXResourcesBuildPhase section */

/* Begin PBXSourcesBuildPhase section */
		78C191082BB1F89800D30217 /* Sources */ = {
			isa = PBXSourcesBuildPhase;
			buildActionMask = 2147483647;
			files = (
				78C191302BB1F96D00D30217 /* R1.swift in Sources */,
				78E394572BB48909009798AD /* HistoryDetail.swift in Sources */,
				78C191482BB2015500D30217 /* CalculatorView.swift in Sources */,
				78C191122BB1F89800D30217 /* ContentView.swift in Sources */,
				F91D76092BB5C7990013C20A /* DashboardAdd.swift in Sources */,
				F91D75FF2BB5C6340013C20A /* d_re.swift in Sources */,
				78D8A3DD2BB43EF500C8E5F8 /* ProjDetail.swift in Sources */,
				F91D76012BB5C6370013C20A /* s_re.swift in Sources */,
				78C1912E2BB1F96400D30217 /* Not.swift in Sources */,
				78C191462BB2014E00D30217 /* DashboardView.swift in Sources */,
				78C1912C2BB1F94500D30217 /* Reviews.swift in Sources */,
				F91D76062BB5C6700013C20A /* CoreModel.xcdatamodeld in Sources */,
				78C1912A2BB1F92100D30217 /* U1.swift in Sources */,
				78C191102BB1F89800D30217 /* App424App.swift in Sources */,
				78C1914C2BB2038900D30217 /* DashboardViewModel.swift in Sources */,
				78C1913C2BB200DF00D30217 /* CoreDataStack.swift in Sources */,
				78C1914A2BB2015C00D30217 /* SettingsView.swift in Sources */,
				78D8A3E02BB4554800C8E5F8 /* HistoryView.swift in Sources */,
				78C191282BB1F91800D30217 /* LoadingView.swift in Sources */,
				78D8A3E22BB455EF00C8E5F8 /* CalculatorViewModel.swift in Sources */,
				78D8A3E42BB475D300C8E5F8 /* ConvertDate.swift in Sources */,
				78C191352BB1FE3700D30217 /* ULoadingView.swift in Sources */,
				78C1913F2BB200EB00D30217 /* Array.swift in Sources */,
				F91D76032BB5C63B0013C20A /* w_re.swift in Sources */,
				78C191322BB1F97200D30217 /* R2.swift in Sources */,
				78C1913A2BB200D000D30217 /* TabBar.swift in Sources */,
			);
			runOnlyForDeploymentPostprocessing = 0;
		};
/* End PBXSourcesBuildPhase section */

/* Begin XCBuildConfiguration section */
		78C191192BB1F89900D30217 /* Debug */ = {
			isa = XCBuildConfiguration;
			buildSettings = {
				ALWAYS_SEARCH_USER_PATHS = NO;
				ASSETCATALOG_COMPILER_GENERATE_SWIFT_ASSET_SYMBOL_EXTENSIONS = YES;
				CLANG_ANALYZER_NONNULL = YES;
				CLANG_ANALYZER_NUMBER_OBJECT_CONVERSION = YES_AGGRESSIVE;
				CLANG_CXX_LANGUAGE_STANDARD = "gnu++20";
				CLANG_ENABLE_MODULES = YES;
				CLANG_ENABLE_OBJC_ARC = YES;
				CLANG_ENABLE_OBJC_WEAK = YES;
				CLANG_WARN_BLOCK_CAPTURE_AUTORELEASING = YES;
				CLANG_WARN_BOOL_CONVERSION = YES;
				CLANG_WARN_COMMA = YES;
				CLANG_WARN_CONSTANT_CONVERSION = YES;
				CLANG_WARN_DEPRECATED_OBJC_IMPLEMENTATIONS = YES;
				CLANG_WARN_DIRECT_OBJC_ISA_USAGE = YES_ERROR;
				CLANG_WARN_DOCUMENTATION_COMMENTS = YES;
				CLANG_WARN_EMPTY_BODY = YES;
				CLANG_WARN_ENUM_CONVERSION = YES;
				CLANG_WARN_INFINITE_RECURSION = YES;
				CLANG_WARN_INT_CONVERSION = YES;
				CLANG_WARN_NON_LITERAL_NULL_CONVERSION = YES;
				CLANG_WARN_OBJC_IMPLICIT_RETAIN_SELF = YES;
				CLANG_WARN_OBJC_LITERAL_CONVERSION = YES;
				CLANG_WARN_OBJC_ROOT_CLASS = YES_ERROR;
				CLANG_WARN_QUOTED_INCLUDE_IN_FRAMEWORK_HEADER = YES;
				CLANG_WARN_RANGE_LOOP_ANALYSIS = YES;
				CLANG_WARN_STRICT_PROTOTYPES = YES;
				CLANG_WARN_SUSPICIOUS_MOVE = YES;
				CLANG_WARN_UNGUARDED_AVAILABILITY = YES_AGGRESSIVE;
				CLANG_WARN_UNREACHABLE_CODE = YES;
				CLANG_WARN__DUPLICATE_METHOD_MATCH = YES;
				COPY_PHASE_STRIP = NO;
				DEBUG_INFORMATION_FORMAT = dwarf;
				ENABLE_STRICT_OBJC_MSGSEND = YES;
				ENABLE_TESTABILITY = YES;
				ENABLE_USER_SCRIPT_SANDBOXING = YES;
				GCC_C_LANGUAGE_STANDARD = gnu17;
				GCC_DYNAMIC_NO_PIC = NO;
				GCC_NO_COMMON_BLOCKS = YES;
				GCC_OPTIMIZATION_LEVEL = fast;
				GCC_PREPROCESSOR_DEFINITIONS = (
					"DEBUG=1",
					"$(inherited)",
				);
				GCC_WARN_64_TO_32_BIT_CONVERSION = YES;
				GCC_WARN_ABOUT_RETURN_TYPE = YES_ERROR;
				GCC_WARN_UNDECLARED_SELECTOR = YES;
				GCC_WARN_UNINITIALIZED_AUTOS = YES_AGGRESSIVE;
				GCC_WARN_UNUSED_FUNCTION = YES;
				GCC_WARN_UNUSED_VARIABLE = YES;
				LOCALIZATION_PREFERS_STRING_CATALOGS = YES;
				MTL_ENABLE_DEBUG_INFO = INCLUDE_SOURCE;
				MTL_FAST_MATH = YES;
				ONLY_ACTIVE_ARCH = YES;
				SWIFT_ACTIVE_COMPILATION_CONDITIONS = "DEBUG $(inherited)";
				SWIFT_OPTIMIZATION_LEVEL = "-Onone";
			};
			name = Debug;
		};
		78C1911A2BB1F89900D30217 /* Release */ = {
			isa = XCBuildConfiguration;
			buildSettings = {
				ALWAYS_SEARCH_USER_PATHS = NO;
				ASSETCATALOG_COMPILER_GENERATE_SWIFT_ASSET_SYMBOL_EXTENSIONS = YES;
				CLANG_ANALYZER_NONNULL = YES;
				CLANG_ANALYZER_NUMBER_OBJECT_CONVERSION = YES_AGGRESSIVE;
				CLANG_CXX_LANGUAGE_STANDARD = "gnu++20";
				CLANG_ENABLE_MODULES = YES;
				CLANG_ENABLE_OBJC_ARC = YES;
				CLANG_ENABLE_OBJC_WEAK = YES;
				CLANG_WARN_BLOCK_CAPTURE_AUTORELEASING = YES;
				CLANG_WARN_BOOL_CONVERSION = YES;
				CLANG_WARN_COMMA = YES;
				CLANG_WARN_CONSTANT_CONVERSION = YES;
				CLANG_WARN_DEPRECATED_OBJC_IMPLEMENTATIONS = YES;
				CLANG_WARN_DIRECT_OBJC_ISA_USAGE = YES_ERROR;
				CLANG_WARN_DOCUMENTATION_COMMENTS = YES;
				CLANG_WARN_EMPTY_BODY = YES;
				CLANG_WARN_ENUM_CONVERSION = YES;
				CLANG_WARN_INFINITE_RECURSION = YES;
				CLANG_WARN_INT_CONVERSION = YES;
				CLANG_WARN_NON_LITERAL_NULL_CONVERSION = YES;
				CLANG_WARN_OBJC_IMPLICIT_RETAIN_SELF = YES;
				CLANG_WARN_OBJC_LITERAL_CONVERSION = YES;
				CLANG_WARN_OBJC_ROOT_CLASS = YES_ERROR;
				CLANG_WARN_QUOTED_INCLUDE_IN_FRAMEWORK_HEADER = YES;
				CLANG_WARN_RANGE_LOOP_ANALYSIS = YES;
				CLANG_WARN_STRICT_PROTOTYPES = YES;
				CLANG_WARN_SUSPICIOUS_MOVE = YES;
				CLANG_WARN_UNGUARDED_AVAILABILITY = YES_AGGRESSIVE;
				CLANG_WARN_UNREACHABLE_CODE = YES;
				CLANG_WARN__DUPLICATE_METHOD_MATCH = YES;
				COPY_PHASE_STRIP = NO;
				DEBUG_INFORMATION_FORMAT = "dwarf-with-dsym";
				ENABLE_NS_ASSERTIONS = NO;
				ENABLE_STRICT_OBJC_MSGSEND = YES;
				ENABLE_USER_SCRIPT_SANDBOXING = YES;
				GCC_C_LANGUAGE_STANDARD = gnu17;
				GCC_NO_COMMON_BLOCKS = YES;
				GCC_OPTIMIZATION_LEVEL = fast;
				GCC_WARN_64_TO_32_BIT_CONVERSION = YES;
				GCC_WARN_ABOUT_RETURN_TYPE = YES_ERROR;
				GCC_WARN_UNDECLARED_SELECTOR = YES;
				GCC_WARN_UNINITIALIZED_AUTOS = YES_AGGRESSIVE;
				GCC_WARN_UNUSED_FUNCTION = YES;
				GCC_WARN_UNUSED_VARIABLE = YES;
				LOCALIZATION_PREFERS_STRING_CATALOGS = YES;
				MTL_ENABLE_DEBUG_INFO = NO;
				MTL_FAST_MATH = YES;
				SWIFT_COMPILATION_MODE = wholemodule;
			};
			name = Release;
		};
		78C1911C2BB1F89900D30217 /* Debug */ = {
			isa = XCBuildConfiguration;
			buildSettings = {
				ASSETCATALOG_COMPILER_APPICON_NAME = AppIcon;
				ASSETCATALOG_COMPILER_GLOBAL_ACCENT_COLOR_NAME = AccentColor;
				CODE_SIGN_ENTITLEMENTS = App424/App424.entitlements;
				CODE_SIGN_STYLE = Automatic;
				CURRENT_PROJECT_VERSION = 1;
				DEVELOPMENT_ASSET_PATHS = "\"App424/Preview Content\"";
				ENABLE_PREVIEWS = YES;
				GENERATE_INFOPLIST_FILE = YES;
				INFOPLIST_FILE = App424/Info.plist;
				INFOPLIST_KEY_CFBundleDisplayName = "Insight Junction";
				"INFOPLIST_KEY_UIApplicationSceneManifest_Generation[sdk=iphoneos*]" = YES;
				"INFOPLIST_KEY_UIApplicationSceneManifest_Generation[sdk=iphonesimulator*]" = YES;
				"INFOPLIST_KEY_UIApplicationSupportsIndirectInputEvents[sdk=iphoneos*]" = YES;
				"INFOPLIST_KEY_UIApplicationSupportsIndirectInputEvents[sdk=iphonesimulator*]" = YES;
				"INFOPLIST_KEY_UILaunchScreen_Generation[sdk=iphoneos*]" = YES;
				"INFOPLIST_KEY_UILaunchScreen_Generation[sdk=iphonesimulator*]" = YES;
				INFOPLIST_KEY_UILaunchStoryboardName = "Launch Screen.storyboard";
				"INFOPLIST_KEY_UIStatusBarStyle[sdk=iphoneos*]" = UIStatusBarStyleDefault;
				"INFOPLIST_KEY_UIStatusBarStyle[sdk=iphonesimulator*]" = UIStatusBarStyleDefault;
				INFOPLIST_KEY_UISupportedInterfaceOrientations = UIInterfaceOrientationPortrait;
				INFOPLIST_KEY_UISupportedInterfaceOrientations_iPad = "UIInterfaceOrientationLandscapeLeft UIInterfaceOrientationLandscapeRight UIInterfaceOrientationPortrait UIInterfaceOrientationPortraitUpsideDown";
				IPHONEOS_DEPLOYMENT_TARGET = 14.0;
				LD_RUNPATH_SEARCH_PATHS = "@executable_path/Frameworks";
				"LD_RUNPATH_SEARCH_PATHS[sdk=macosx*]" = "@executable_path/../Frameworks";
				MACOSX_DEPLOYMENT_TARGET = 14.1;
				MARKETING_VERSION = 1.0;
				PRODUCT_BUNDLE_IDENTIFIER = IOI.App424;
				PRODUCT_NAME = "$(TARGET_NAME)";
				SDKROOT = auto;
				SUPPORTED_PLATFORMS = "iphoneos iphonesimulator";
				SUPPORTS_MACCATALYST = NO;
				SWIFT_EMIT_LOC_STRINGS = YES;
				SWIFT_VERSION = 5.0;
				TARGETED_DEVICE_FAMILY = 1;
			};
			name = Debug;
		};
		78C1911D2BB1F89900D30217 /* Release */ = {
			isa = XCBuildConfiguration;
			buildSettings = {
				ASSETCATALOG_COMPILER_APPICON_NAME = AppIcon;
				ASSETCATALOG_COMPILER_GLOBAL_ACCENT_COLOR_NAME = AccentColor;
				CODE_SIGN_ENTITLEMENTS = App424/App424.entitlements;
				CODE_SIGN_STYLE = Automatic;
				CURRENT_PROJECT_VERSION = 1;
				DEVELOPMENT_ASSET_PATHS = "\"App424/Preview Content\"";
				ENABLE_PREVIEWS = YES;
				GENERATE_INFOPLIST_FILE = YES;
				INFOPLIST_FILE = App424/Info.plist;
				INFOPLIST_KEY_CFBundleDisplayName = "Insight Junction";
				"INFOPLIST_KEY_UIApplicationSceneManifest_Generation[sdk=iphoneos*]" = YES;
				"INFOPLIST_KEY_UIApplicationSceneManifest_Generation[sdk=iphonesimulator*]" = YES;
				"INFOPLIST_KEY_UIApplicationSupportsIndirectInputEvents[sdk=iphoneos*]" = YES;
				"INFOPLIST_KEY_UIApplicationSupportsIndirectInputEvents[sdk=iphonesimulator*]" = YES;
				"INFOPLIST_KEY_UILaunchScreen_Generation[sdk=iphoneos*]" = YES;
				"INFOPLIST_KEY_UILaunchScreen_Generation[sdk=iphonesimulator*]" = YES;
				INFOPLIST_KEY_UILaunchStoryboardName = "Launch Screen.storyboard";
				"INFOPLIST_KEY_UIStatusBarStyle[sdk=iphoneos*]" = UIStatusBarStyleDefault;
				"INFOPLIST_KEY_UIStatusBarStyle[sdk=iphonesimulator*]" = UIStatusBarStyleDefault;
				INFOPLIST_KEY_UISupportedInterfaceOrientations = UIInterfaceOrientationPortrait;
				INFOPLIST_KEY_UISupportedInterfaceOrientations_iPad = "UIInterfaceOrientationLandscapeLeft UIInterfaceOrientationLandscapeRight UIInterfaceOrientationPortrait UIInterfaceOrientationPortraitUpsideDown";
				IPHONEOS_DEPLOYMENT_TARGET = 14.0;
				LD_RUNPATH_SEARCH_PATHS = "@executable_path/Frameworks";
				"LD_RUNPATH_SEARCH_PATHS[sdk=macosx*]" = "@executable_path/../Frameworks";
				MACOSX_DEPLOYMENT_TARGET = 14.1;
				MARKETING_VERSION = 1.0;
				PRODUCT_BUNDLE_IDENTIFIER = IOI.App424;
				PRODUCT_NAME = "$(TARGET_NAME)";
				SDKROOT = auto;
				SUPPORTED_PLATFORMS = "iphoneos iphonesimulator";
				SUPPORTS_MACCATALYST = NO;
				SWIFT_EMIT_LOC_STRINGS = YES;
				SWIFT_VERSION = 5.0;
				TARGETED_DEVICE_FAMILY = 1;
			};
			name = Release;
		};
/* End XCBuildConfiguration section */

/* Begin XCConfigurationList section */
		78C191072BB1F89800D30217 /* Build configuration list for PBXProject "App424" */ = {
			isa = XCConfigurationList;
			buildConfigurations = (
				78C191192BB1F89900D30217 /* Debug */,
				78C1911A2BB1F89900D30217 /* Release */,
			);
			defaultConfigurationIsVisible = 0;
			defaultConfigurationName = Release;
		};
		78C1911B2BB1F89900D30217 /* Build configuration list for PBXNativeTarget "App424" */ = {
			isa = XCConfigurationList;
			buildConfigurations = (
				78C1911C2BB1F89900D30217 /* Debug */,
				78C1911D2BB1F89900D30217 /* Release */,
			);
			defaultConfigurationIsVisible = 0;
			defaultConfigurationName = Release;
		};
/* End XCConfigurationList section */

/* Begin XCRemoteSwiftPackageReference section */
		F91D75F02BB5C5E80013C20A /* XCRemoteSwiftPackageReference "ApphudSDK" */ = {
			isa = XCRemoteSwiftPackageReference;
			repositoryURL = "https://github.com/apphud/ApphudSDK";
			requirement = {
				kind = upToNextMajorVersion;
				minimumVersion = 3.2.8;
			};
		};
		F91D75F32BB5C5F00013C20A /* XCRemoteSwiftPackageReference "OneSignal-iOS-SDK" */ = {
			isa = XCRemoteSwiftPackageReference;
			repositoryURL = "https://github.com/OneSignal/OneSignal-iOS-SDK.git";
			requirement = {
				kind = upToNextMajorVersion;
				minimumVersion = 5.1.3;
			};
		};
		F91D75F62BB5C5F50013C20A /* XCRemoteSwiftPackageReference "metrica-sdk-ios" */ = {
			isa = XCRemoteSwiftPackageReference;
			repositoryURL = "https://github.com/yandexmobile/metrica-sdk-ios";
			requirement = {
				kind = upToNextMajorVersion;
				minimumVersion = 4.5.2;
			};
		};
		F91D75FB2BB5C60B0013C20A /* XCRemoteSwiftPackageReference "firebase-ios-sdk" */ = {
			isa = XCRemoteSwiftPackageReference;
			repositoryURL = "https://github.com/firebase/firebase-ios-sdk.git";
			requirement = {
				kind = upToNextMajorVersion;
				minimumVersion = 10.23.0;
			};
		};
/* End XCRemoteSwiftPackageReference section */

/* Begin XCSwiftPackageProductDependency section */
		F91D75F12BB5C5E80013C20A /* ApphudSDK */ = {
			isa = XCSwiftPackageProductDependency;
			package = F91D75F02BB5C5E80013C20A /* XCRemoteSwiftPackageReference "ApphudSDK" */;
			productName = ApphudSDK;
		};
		F91D75F42BB5C5F00013C20A /* OneSignalFramework */ = {
			isa = XCSwiftPackageProductDependency;
			package = F91D75F32BB5C5F00013C20A /* XCRemoteSwiftPackageReference "OneSignal-iOS-SDK" */;
			productName = OneSignalFramework;
		};
		F91D75F72BB5C5F50013C20A /* YandexMobileMetrica */ = {
			isa = XCSwiftPackageProductDependency;
			package = F91D75F62BB5C5F50013C20A /* XCRemoteSwiftPackageReference "metrica-sdk-ios" */;
			productName = YandexMobileMetrica;
		};
		F91D75FC2BB5C60B0013C20A /* FirebaseRemoteConfigSwift */ = {
			isa = XCSwiftPackageProductDependency;
			package = F91D75FB2BB5C60B0013C20A /* XCRemoteSwiftPackageReference "firebase-ios-sdk" */;
			productName = FirebaseRemoteConfigSwift;
		};
/* End XCSwiftPackageProductDependency section */

/* Begin XCVersionGroup section */
		F91D76042BB5C6700013C20A /* CoreModel.xcdatamodeld */ = {
			isa = XCVersionGroup;
			children = (
				F91D76052BB5C6700013C20A /* CoreModel.xcdatamodel */,
			);
			currentVersion = F91D76052BB5C6700013C20A /* CoreModel.xcdatamodel */;
			name = CoreModel.xcdatamodeld;
			path = /Users/slava/Desktop/App424/App424/Project/Extensions/CoreModel.xcdatamodeld;
			sourceTree = "<group>";
			versionGroupType = wrapper.xcdatamodel;
		};
/* End XCVersionGroup section */
	};
	rootObject = 78C191042BB1F89800D30217 /* Project object */;
}
